
Microsoft Visual Studio Solution File, Format Version 12.00
# Visual Studio Version 16
VisualStudioVersion = 16.0.29519.87
MinimumVisualStudioVersion = 10.0.40219.1
Project("{FAE04EC0-301F-11D3-BF4B-00C04F79EFBC}") = "NeuralNetwork", "NeuralNetwork\NeuralNetwork.csproj", "{4EE6E7D9-552D-44A8-805A-91C4069F5B61}"
EndProject
Project("{FAE04EC0-301F-11D3-BF4B-00C04F79EFBC}") = "NeuralNetworkTests", "NeuralNetworkTests\NeuralNetworkTests.csproj", "{E4A065F2-C6E0-4E7A-B5B1-92AA1F7E0503}"
EndProject
Global
	GlobalSection(SolutionConfigurationPlatforms) = preSolution
		Debug|Any CPU = Debug|Any CPU
		Release|Any CPU = Release|Any CPU
	EndGlobalSection
	GlobalSection(ProjectConfigurationPlatforms) = postSolution
		{4EE6E7D9-552D-44A8-805A-91C4069F5B61}.Debug|Any CPU.ActiveCfg = Debug|Any CPU
		{4EE6E7D9-552D-44A8-805A-91C4069F5B61}.Debug|Any CPU.Build.0 = Debug|Any CPU
		{4EE6E7D9-552D-44A8-805A-91C4069F5B61}.Release|Any CPU.ActiveCfg = Release|Any CPU
		{4EE6E7D9-552D-44A8-805A-91C4069F5B61}.Release|Any CPU.Build.0 = Release|Any CPU
		{E4A065F2-C6E0-4E7A-B5B1-92AA1F7E0503}.Debug|Any CPU.ActiveCfg = Debug|Any CPU
		{E4A065F2-C6E0-4E7A-B5B1-92AA1F7E0503}.Debug|Any CPU.Build.0 = Debug|Any CPU
		{E4A065F2-C6E0-4E7A-B5B1-92AA1F7E0503}.Release|Any CPU.ActiveCfg = Release|Any CPU
		{E4A065F2-C6E0-4E7A-B5B1-92AA1F7E0503}.Release|Any CPU.Build.0 = Release|Any CPU
	EndGlobalSection
	GlobalSection(SolutionProperties) = preSolution
		HideSolutionNode = FALSE
	EndGlobalSection
	GlobalSection(ExtensibilityGlobals) = postSolution
		SolutionGuid = {A6366C7C-5C9C-4C47-933C-60B4ECBC9430}
	EndGlobalSection
EndGlobal
